// !$*UTF8*$!
{
	archiveVersion = 1;
	classes = {
	};
	objectVersion = 50;
	objects = {

/* Begin PBXBuildFile section */
		883EBF0E2331DFA700DB9071 /* AppDelegate.swift in Sources */ = {isa = PBXBuildFile; fileRef = 883EBF0D2331DFA700DB9071 /* AppDelegate.swift */; };
		883EBF102331DFA700DB9071 /* ViewController.swift in Sources */ = {isa = PBXBuildFile; fileRef = 883EBF0F2331DFA700DB9071 /* ViewController.swift */; };
		883EBF132331DFA700DB9071 /* Main.storyboard in Resources */ = {isa = PBXBuildFile; fileRef = 883EBF112331DFA700DB9071 /* Main.storyboard */; };
		883EBF152331DFA800DB9071 /* Assets.xcassets in Resources */ = {isa = PBXBuildFile; fileRef = 883EBF142331DFA800DB9071 /* Assets.xcassets */; };
		883EBF182331DFA800DB9071 /* LaunchScreen.storyboard in Resources */ = {isa = PBXBuildFile; fileRef = 883EBF162331DFA800DB9071 /* LaunchScreen.storyboard */; };
		883EBF2B2331E06800DB9071 /* STTool.h in Headers */ = {isa = PBXBuildFile; fileRef = 883EBF292331E06800DB9071 /* STTool.h */; settings = {ATTRIBUTES = (Public, ); }; };
		883EBF2E2331E06800DB9071 /* STTool.framework in Frameworks */ = {isa = PBXBuildFile; fileRef = 883EBF272331E06800DB9071 /* STTool.framework */; };
		883EBF2F2331E06800DB9071 /* STTool.framework in Embed Frameworks */ = {isa = PBXBuildFile; fileRef = 883EBF272331E06800DB9071 /* STTool.framework */; settings = {ATTRIBUTES = (CodeSignOnCopy, RemoveHeadersOnCopy, ); }; };
		883EBF342331E08100DB9071 /* STManager.swift in Sources */ = {isa = PBXBuildFile; fileRef = 883EBF1F2331DFBA00DB9071 /* STManager.swift */; };
/* End PBXBuildFile section */

/* Begin PBXContainerItemProxy section */
		883EBF2C2331E06800DB9071 /* PBXContainerItemProxy */ = {
			isa = PBXContainerItemProxy;
			containerPortal = 883EBF022331DFA700DB9071 /* Project object */;
			proxyType = 1;
			remoteGlobalIDString = 883EBF262331E06800DB9071;
			remoteInfo = STTool;
		};
/* End PBXContainerItemProxy section */

/* Begin PBXCopyFilesBuildPhase section */
		883EBF332331E06800DB9071 /* Embed Frameworks */ = {
			isa = PBXCopyFilesBuildPhase;
			buildActionMask = 2147483647;
			dstPath = "";
			dstSubfolderSpec = 10;
			files = (
				883EBF2F2331E06800DB9071 /* STTool.framework in Embed Frameworks */,
			);
			name = "Embed Frameworks";
			runOnlyForDeploymentPostprocessing = 0;
		};
/* End PBXCopyFilesBuildPhase section */

/* Begin PBXFileReference section */
		883EBF0A2331DFA700DB9071 /* STToolDemo.app */ = {isa = PBXFileReference; explicitFileType = wrapper.application; includeInIndex = 0; path = STToolDemo.app; sourceTree = BUILT_PRODUCTS_DIR; };
		883EBF0D2331DFA700DB9071 /* AppDelegate.swift */ = {isa = PBXFileReference; lastKnownFileType = sourcecode.swift; path = AppDelegate.swift; sourceTree = "<group>"; };
		883EBF0F2331DFA700DB9071 /* ViewController.swift */ = {isa = PBXFileReference; lastKnownFileType = sourcecode.swift; path = ViewController.swift; sourceTree = "<group>"; };
		883EBF122331DFA700DB9071 /* Base */ = {isa = PBXFileReference; lastKnownFileType = file.storyboard; name = Base; path = Base.lproj/Main.storyboard; sourceTree = "<group>"; };
		883EBF142331DFA800DB9071 /* Assets.xcassets */ = {isa = PBXFileReference; lastKnownFileType = folder.assetcatalog; path = Assets.xcassets; sourceTree = "<group>"; };
		883EBF172331DFA800DB9071 /* Base */ = {isa = PBXFileReference; lastKnownFileType = file.storyboard; name = Base; path = Base.lproj/LaunchScreen.storyboard; sourceTree = "<group>"; };
		883EBF192331DFA800DB9071 /* Info.plist */ = {isa = PBXFileReference; lastKnownFileType = text.plist.xml; path = Info.plist; sourceTree = "<group>"; };
		883EBF1F2331DFBA00DB9071 /* STManager.swift */ = {isa = PBXFileReference; lastKnownFileType = sourcecode.swift; path = STManager.swift; sourceTree = "<group>"; };
		883EBF272331E06800DB9071 /* STTool.framework */ = {isa = PBXFileReference; explicitFileType = wrapper.framework; includeInIndex = 0; path = STTool.framework; sourceTree = BUILT_PRODUCTS_DIR; };
		883EBF292331E06800DB9071 /* STTool.h */ = {isa = PBXFileReference; lastKnownFileType = sourcecode.c.h; path = STTool.h; sourceTree = "<group>"; };
		883EBF2A2331E06800DB9071 /* Info.plist */ = {isa = PBXFileReference; lastKnownFileType = text.plist.xml; path = Info.plist; sourceTree = "<group>"; };
/* End PBXFileReference section */

/* Begin PBXFrameworksBuildPhase section */
		883EBF072331DFA700DB9071 /* Frameworks */ = {
			isa = PBXFrameworksBuildPhase;
			buildActionMask = 2147483647;
			files = (
				883EBF2E2331E06800DB9071 /* STTool.framework in Frameworks */,
			);
			runOnlyForDeploymentPostprocessing = 0;
		};
		883EBF242331E06800DB9071 /* Frameworks */ = {
			isa = PBXFrameworksBuildPhase;
			buildActionMask = 2147483647;
			files = (
			);
			runOnlyForDeploymentPostprocessing = 0;
		};
/* End PBXFrameworksBuildPhase section */

/* Begin PBXGroup section */
		883EBF012331DFA700DB9071 = {
			isa = PBXGroup;
			children = (
				883EBF0C2331DFA700DB9071 /* STToolDemo */,
				883EBF282331E06800DB9071 /* STTool */,
				883EBF0B2331DFA700DB9071 /* Products */,
			);
			sourceTree = "<group>";
		};
		883EBF0B2331DFA700DB9071 /* Products */ = {
			isa = PBXGroup;
			children = (
				883EBF0A2331DFA700DB9071 /* STToolDemo.app */,
				883EBF272331E06800DB9071 /* STTool.framework */,
			);
			name = Products;
			sourceTree = "<group>";
		};
		883EBF0C2331DFA700DB9071 /* STToolDemo */ = {
			isa = PBXGroup;
			children = (
				883EBF0D2331DFA700DB9071 /* AppDelegate.swift */,
				883EBF0F2331DFA700DB9071 /* ViewController.swift */,
				883EBF112331DFA700DB9071 /* Main.storyboard */,
				883EBF142331DFA800DB9071 /* Assets.xcassets */,
				883EBF162331DFA800DB9071 /* LaunchScreen.storyboard */,
				883EBF192331DFA800DB9071 /* Info.plist */,
			);
			path = STToolDemo;
			sourceTree = "<group>";
		};
		883EBF282331E06800DB9071 /* STTool */ = {
			isa = PBXGroup;
			children = (
				883EBF1F2331DFBA00DB9071 /* STManager.swift */,
				883EBF292331E06800DB9071 /* STTool.h */,
				883EBF2A2331E06800DB9071 /* Info.plist */,
			);
			path = STTool;
			sourceTree = "<group>";
		};
/* End PBXGroup section */

/* Begin PBXHeadersBuildPhase section */
		883EBF222331E06800DB9071 /* Headers */ = {
			isa = PBXHeadersBuildPhase;
			buildActionMask = 2147483647;
			files = (
				883EBF2B2331E06800DB9071 /* STTool.h in Headers */,
			);
			runOnlyForDeploymentPostprocessing = 0;
		};
/* End PBXHeadersBuildPhase section */

/* Begin PBXNativeTarget section */
		883EBF092331DFA700DB9071 /* STToolDemo */ = {
			isa = PBXNativeTarget;
			buildConfigurationList = 883EBF1C2331DFA800DB9071 /* Build configuration list for PBXNativeTarget "STToolDemo" */;
			buildPhases = (
				883EBF062331DFA700DB9071 /* Sources */,
				883EBF072331DFA700DB9071 /* Frameworks */,
				883EBF082331DFA700DB9071 /* Resources */,
				883EBF332331E06800DB9071 /* Embed Frameworks */,
			);
			buildRules = (
			);
			dependencies = (
				883EBF2D2331E06800DB9071 /* PBXTargetDependency */,
			);
			name = STToolDemo;
			productName = STToolDemo;
			productReference = 883EBF0A2331DFA700DB9071 /* STToolDemo.app */;
			productType = "com.apple.product-type.application";
		};
		883EBF262331E06800DB9071 /* STTool */ = {
			isa = PBXNativeTarget;
			buildConfigurationList = 883EBF302331E06800DB9071 /* Build configuration list for PBXNativeTarget "STTool" */;
			buildPhases = (
				883EBF222331E06800DB9071 /* Headers */,
				883EBF232331E06800DB9071 /* Sources */,
				883EBF242331E06800DB9071 /* Frameworks */,
				883EBF252331E06800DB9071 /* Resources */,
			);
			buildRules = (
			);
			dependencies = (
			);
			name = STTool;
			productName = STTool;
			productReference = 883EBF272331E06800DB9071 /* STTool.framework */;
			productType = "com.apple.product-type.framework";
		};
/* End PBXNativeTarget section */

/* Begin PBXProject section */
		883EBF022331DFA700DB9071 /* Project object */ = {
			isa = PBXProject;
			attributes = {
				LastSwiftUpdateCheck = 1020;
				LastUpgradeCheck = 1020;
				ORGANIZATIONNAME = SmellTime;
				TargetAttributes = {
					883EBF092331DFA700DB9071 = {
						CreatedOnToolsVersion = 10.2.1;
					};
					883EBF262331E06800DB9071 = {
						CreatedOnToolsVersion = 10.2.1;
					};
				};
			};
			buildConfigurationList = 883EBF052331DFA700DB9071 /* Build configuration list for PBXProject "STToolDemo" */;
			compatibilityVersion = "Xcode 9.3";
			developmentRegion = en;
			hasScannedForEncodings = 0;
			knownRegions = (
				en,
				Base,
			);
			mainGroup = 883EBF012331DFA700DB9071;
			productRefGroup = 883EBF0B2331DFA700DB9071 /* Products */;
			projectDirPath = "";
			projectRoot = "";
			targets = (
				883EBF092331DFA700DB9071 /* STToolDemo */,
				883EBF262331E06800DB9071 /* STTool */,
			);
		};
/* End PBXProject section */

/* Begin PBXResourcesBuildPhase section */
		883EBF082331DFA700DB9071 /* Resources */ = {
			isa = PBXResourcesBuildPhase;
			buildActionMask = 2147483647;
			files = (
				883EBF182331DFA800DB9071 /* LaunchScreen.storyboard in Resources */,
				883EBF152331DFA800DB9071 /* Assets.xcassets in Resources */,
				883EBF132331DFA700DB9071 /* Main.storyboard in Resources */,
			);
			runOnlyForDeploymentPostprocessing = 0;
		};
		883EBF252331E06800DB9071 /* Resources */ = {
			isa = PBXResourcesBuildPhase;
			buildActionMask = 2147483647;
			files = (
			);
			runOnlyForDeploymentPostprocessing = 0;
		};
/* End PBXResourcesBuildPhase section */

/* Begin PBXSourcesBuildPhase section */
		883EBF062331DFA700DB9071 /* Sources */ = {
			isa = PBXSourcesBuildPhase;
			buildActionMask = 2147483647;
			files = (
				883EBF102331DFA700DB9071 /* ViewController.swift in Sources */,
				883EBF0E2331DFA700DB9071 /* AppDelegate.swift in Sources */,
			);
			runOnlyForDeploymentPostprocessing = 0;
		};
		883EBF232331E06800DB9071 /* Sources */ = {
			isa = PBXSourcesBuildPhase;
			buildActionMask = 2147483647;
			files = (
				883EBF342331E08100DB9071 /* STManager.swift in Sources */,
			);
			runOnlyForDeploymentPostprocessing = 0;
		};
/* End PBXSourcesBuildPhase section */

/* Begin PBXTargetDependency section */
		883EBF2D2331E06800DB9071 /* PBXTargetDependency */ = {
			isa = PBXTargetDependency;
			target = 883EBF262331E06800DB9071 /* STTool */;
			targetProxy = 883EBF2C2331E06800DB9071 /* PBXContainerItemProxy */;
		};
/* End PBXTargetDependency section */

/* Begin PBXVariantGroup section */
		883EBF112331DFA700DB9071 /* Main.storyboard */ = {
			isa = PBXVariantGroup;
			children = (
				883EBF122331DFA700DB9071 /* Base */,
			);
			name = Main.storyboard;
			sourceTree = "<group>";
		};
		883EBF162331DFA800DB9071 /* LaunchScreen.storyboard */ = {
			isa = PBXVariantGroup;
			children = (
				883EBF172331DFA800DB9071 /* Base */,
			);
			name = LaunchScreen.storyboard;
			sourceTree = "<group>";
		};
/* End PBXVariantGroup section */

/* Begin XCBuildConfiguration section */
		883EBF1A2331DFA800DB9071 /* Debug */ = {
			isa = XCBuildConfiguration;
			buildSettings = {
				ALWAYS_SEARCH_USER_PATHS = NO;
				CLANG_ANALYZER_NONNULL = YES;
				CLANG_ANALYZER_NUMBER_OBJECT_CONVERSION = YES_AGGRESSIVE;
				CLANG_CXX_LANGUAGE_STANDARD = "gnu++14";
				CLANG_CXX_LIBRARY = "libc++";
				CLANG_ENABLE_MODULES = YES;
				CLANG_ENABLE_OBJC_ARC = YES;
				CLANG_ENABLE_OBJC_WEAK = YES;
				CLANG_WARN_BLOCK_CAPTURE_AUTORELEASING = YES;
				CLANG_WARN_BOOL_CONVERSION = YES;
				CLANG_WARN_COMMA = YES;
				CLANG_WARN_CONSTANT_CONVERSION = YES;
				CLANG_WARN_DEPRECATED_OBJC_IMPLEMENTATIONS = YES;
				CLANG_WARN_DIRECT_OBJC_ISA_USAGE = YES_ERROR;
				CLANG_WARN_DOCUMENTATION_COMMENTS = YES;
				CLANG_WARN_EMPTY_BODY = YES;
				CLANG_WARN_ENUM_CONVERSION = YES;
				CLANG_WARN_INFINITE_RECURSION = YES;
				CLANG_WARN_INT_CONVERSION = YES;
				CLANG_WARN_NON_LITERAL_NULL_CONVERSION = YES;
				CLANG_WARN_OBJC_IMPLICIT_RETAIN_SELF = YES;
				CLANG_WARN_OBJC_LITERAL_CONVERSION = YES;
				CLANG_WARN_OBJC_ROOT_CLASS = YES_ERROR;
				CLANG_WARN_RANGE_LOOP_ANALYSIS = YES;
				CLANG_WARN_STRICT_PROTOTYPES = YES;
				CLANG_WARN_SUSPICIOUS_MOVE = YES;
				CLANG_WARN_UNGUARDED_AVAILABILITY = YES_AGGRESSIVE;
				CLANG_WARN_UNREACHABLE_CODE = YES;
				CLANG_WARN__DUPLICATE_METHOD_MATCH = YES;
				CODE_SIGN_IDENTITY = "iPhone Developer";
				COPY_PHASE_STRIP = NO;
				DEBUG_INFORMATION_FORMAT = dwarf;
				ENABLE_STRICT_OBJC_MSGSEND = YES;
				ENABLE_TESTABILITY = YES;
				GCC_C_LANGUAGE_STANDARD = gnu11;
				GCC_DYNAMIC_NO_PIC = NO;
				GCC_NO_COMMON_BLOCKS = YES;
				GCC_OPTIMIZATION_LEVEL = 0;
				GCC_PREPROCESSOR_DEFINITIONS = (
					"DEBUG=1",
					"$(inherited)",
				);
				GCC_WARN_64_TO_32_BIT_CONVERSION = YES;
				GCC_WARN_ABOUT_RETURN_TYPE = YES_ERROR;
				GCC_WARN_UNDECLARED_SELECTOR = YES;
				GCC_WARN_UNINITIALIZED_AUTOS = YES_AGGRESSIVE;
				GCC_WARN_UNUSED_FUNCTION = YES;
				GCC_WARN_UNUSED_VARIABLE = YES;
				IPHONEOS_DEPLOYMENT_TARGET = 12.2;
				MTL_ENABLE_DEBUG_INFO = INCLUDE_SOURCE;
				MTL_FAST_MATH = YES;
				ONLY_ACTIVE_ARCH = YES;
				SDKROOT = iphoneos;
				SWIFT_ACTIVE_COMPILATION_CONDITIONS = DEBUG;
				SWIFT_OPTIMIZATION_LEVEL = "-Onone";
			};
			name = Debug;
		};
		883EBF1B2331DFA800DB9071 /* Release */ = {
			isa = XCBuildConfiguration;
			buildSettings = {
				ALWAYS_SEARCH_USER_PATHS = NO;
				CLANG_ANALYZER_NONNULL = YES;
				CLANG_ANALYZER_NUMBER_OBJECT_CONVERSION = YES_AGGRESSIVE;
				CLANG_CXX_LANGUAGE_STANDARD = "gnu++14";
				CLANG_CXX_LIBRARY = "libc++";
				CLANG_ENABLE_MODULES = YES;
				CLANG_ENABLE_OBJC_ARC = YES;
				CLANG_ENABLE_OBJC_WEAK = YES;
				CLANG_WARN_BLOCK_CAPTURE_AUTORELEASING = YES;
				CLANG_WARN_BOOL_CONVERSION = YES;
				CLANG_WARN_COMMA = YES;
				CLANG_WARN_CONSTANT_CONVERSION = YES;
				CLANG_WARN_DEPRECATED_OBJC_IMPLEMENTATIONS = YES;
				CLANG_WARN_DIRECT_OBJC_ISA_USAGE = YES_ERROR;
				CLANG_WARN_DOCUMENTATION_COMMENTS = YES;
				CLANG_WARN_EMPTY_BODY = YES;
				CLANG_WARN_ENUM_CONVERSION = YES;
				CLANG_WARN_INFINITE_RECURSION = YES;
				CLANG_WARN_INT_CONVERSION = YES;
				CLANG_WARN_NON_LITERAL_NULL_CONVERSION = YES;
				CLANG_WARN_OBJC_IMPLICIT_RETAIN_SELF = YES;
				CLANG_WARN_OBJC_LITERAL_CONVERSION = YES;
				CLANG_WARN_OBJC_ROOT_CLASS = YES_ERROR;
				CLANG_WARN_RANGE_LOOP_ANALYSIS = YES;
				CLANG_WARN_STRICT_PROTOTYPES = YES;
				CLANG_WARN_SUSPICIOUS_MOVE = YES;
				CLANG_WARN_UNGUARDED_AVAILABILITY = YES_AGGRESSIVE;
				CLANG_WARN_UNREACHABLE_CODE = YES;
				CLANG_WARN__DUPLICATE_METHOD_MATCH = YES;
				CODE_SIGN_IDENTITY = "iPhone Developer";
				COPY_PHASE_STRIP = NO;
				DEBUG_INFORMATION_FORMAT = "dwarf-with-dsym";
				ENABLE_NS_ASSERTIONS = NO;
				ENABLE_STRICT_OBJC_MSGSEND = YES;
				GCC_C_LANGUAGE_STANDARD = gnu11;
				GCC_NO_COMMON_BLOCKS = YES;
				GCC_WARN_64_TO_32_BIT_CONVERSION = YES;
				GCC_WARN_ABOUT_RETURN_TYPE = YES_ERROR;
				GCC_WARN_UNDECLARED_SELECTOR = YES;
				GCC_WARN_UNINITIALIZED_AUTOS = YES_AGGRESSIVE;
				GCC_WARN_UNUSED_FUNCTION = YES;
				GCC_WARN_UNUSED_VARIABLE = YES;
				IPHONEOS_DEPLOYMENT_TARGET = 12.2;
				MTL_ENABLE_DEBUG_INFO = NO;
				MTL_FAST_MATH = YES;
				SDKROOT = iphoneos;
				SWIFT_COMPILATION_MODE = wholemodule;
				SWIFT_OPTIMIZATION_LEVEL = "-O";
				VALIDATE_PRODUCT = YES;
			};
			name = Release;
		};
		883EBF1D2331DFA800DB9071 /* Debug */ = {
			isa = XCBuildConfiguration;
			buildSettings = {
				ALWAYS_EMBED_SWIFT_STANDARD_LIBRARIES = YES;
				ASSETCATALOG_COMPILER_APPICON_NAME = AppIcon;
				CODE_SIGN_STYLE = Automatic;
				INFOPLIST_FILE = STToolDemo/Info.plist;
				LD_RUNPATH_SEARCH_PATHS = (
					"$(inherited)",
					"@executable_path/Frameworks",
				);
				PRODUCT_BUNDLE_IDENTIFIER = ZYCX.STToolDemo;
				PRODUCT_NAME = "$(TARGET_NAME)";
				SWIFT_VERSION = 5.0;
				TARGETED_DEVICE_FAMILY = "1,2";
			};
			name = Debug;
		};
		883EBF1E2331DFA800DB9071 /* Release */ = {
			isa = XCBuildConfiguration;
			buildSettings = {
				ALWAYS_EMBED_SWIFT_STANDARD_LIBRARIES = YES;
				ASSETCATALOG_COMPILER_APPICON_NAME = AppIcon;
				CODE_SIGN_STYLE = Automatic;
				INFOPLIST_FILE = STToolDemo/Info.plist;
				LD_RUNPATH_SEARCH_PATHS = (
					"$(inherited)",
					"@executable_path/Frameworks",
				);
				PRODUCT_BUNDLE_IDENTIFIER = ZYCX.STToolDemo;
				PRODUCT_NAME = "$(TARGET_NAME)";
				SWIFT_VERSION = 5.0;
				TARGETED_DEVICE_FAMILY = "1,2";
			};
			name = Release;
		};
		883EBF312331E06800DB9071 /* Debug */ = {
			isa = XCBuildConfiguration;
			buildSettings = {
				CODE_SIGN_IDENTITY = "";
				CODE_SIGN_STYLE = Automatic;
				CURRENT_PROJECT_VERSION = 1;
				DEFINES_MODULE = YES;
				DYLIB_COMPATIBILITY_VERSION = 1;
				DYLIB_CURRENT_VERSION = 1;
				DYLIB_INSTALL_NAME_BASE = "@rpath";
				INFOPLIST_FILE = STTool/Info.plist;
				INSTALL_PATH = "$(LOCAL_LIBRARY_DIR)/Frameworks";
				LD_RUNPATH_SEARCH_PATHS = (
					"$(inherited)",
					"@executable_path/Frameworks",
					"@loader_path/Frameworks",
				);
				PRODUCT_BUNDLE_IDENTIFIER = ZYCX.STTool;
				PRODUCT_NAME = "$(TARGET_NAME:c99extidentifier)";
				SKIP_INSTALL = YES;
				SWIFT_VERSION = 5.0;
				TARGETED_DEVICE_FAMILY = "1,2";
				VERSIONING_SYSTEM = "apple-generic";
				VERSION_INFO_PREFIX = "";
			};
			name = Debug;
		};
		883EBF322331E06800DB9071 /* Release */ = {
			isa = XCBuildConfiguration;
			buildSettings = {
				CODE_SIGN_IDENTITY = "";
				CODE_SIGN_STYLE = Automatic;
				CURRENT_PROJECT_VERSION = 1;
				DEFINES_MODULE = YES;
				DYLIB_COMPATIBILITY_VERSION = 1;
				DYLIB_CURRENT_VERSION = 1;
				DYLIB_INSTALL_NAME_BASE = "@rpath";
				INFOPLIST_FILE = STTool/Info.plist;
				INSTALL_PATH = "$(LOCAL_LIBRARY_DIR)/Frameworks";
				LD_RUNPATH_SEARCH_PATHS = (
					"$(inherited)",
					"@executable_path/Frameworks",
					"@loader_path/Frameworks",
				);
				PRODUCT_BUNDLE_IDENTIFIER = ZYCX.STTool;
				PRODUCT_NAME = "$(TARGET_NAME:c99extidentifier)";
				SKIP_INSTALL = YES;
				SWIFT_VERSION = 5.0;
				TARGETED_DEVICE_FAMILY = "1,2";
				VERSIONING_SYSTEM = "apple-generic";
				VERSION_INFO_PREFIX = "";
			};
			name = Release;
		};
/* End XCBuildConfiguration section */

/* Begin XCConfigurationList section */
		883EBF052331DFA700DB9071 /* Build configuration list for PBXProject "STToolDemo" */ = {
			isa = XCConfigurationList;
			buildConfigurations = (
				883EBF1A2331DFA800DB9071 /* Debug */,
				883EBF1B2331DFA800DB9071 /* Release */,
			);
			defaultConfigurationIsVisible = 0;
			defaultConfigurationName = Release;
		};
		883EBF1C2331DFA800DB9071 /* Build configuration list for PBXNativeTarget "STToolDemo" */ = {
			isa = XCConfigurationList;
			buildConfigurations = (
				883EBF1D2331DFA800DB9071 /* Debug */,
				883EBF1E2331DFA800DB9071 /* Release */,
			);
			defaultConfigurationIsVisible = 0;
			defaultConfigurationName = Release;
		};
		883EBF302331E06800DB9071 /* Build configuration list for PBXNativeTarget "STTool" */ = {
			isa = XCConfigurationList;
			buildConfigurations = (
				883EBF312331E06800DB9071 /* Debug */,
				883EBF322331E06800DB9071 /* Release */,
			);
			defaultConfigurationIsVisible = 0;
			defaultConfigurationName = Release;
		};
/* End XCConfigurationList section */
	};
	rootObject = 883EBF022331DFA700DB9071 /* Project object */;
}
